
Microsoft Visual Studio Solution File, Format Version 12.00
# Visual Studio Version 17
VisualStudioVersion = 17.5.33530.505
MinimumVisualStudioVersion = 10.0.40219.1
Project("{FAE04EC0-301F-11D3-BF4B-00C04F79EFBC}") = "Nesne_Prog_Proje", "Nesne_Prog_Proje\Nesne_Prog_Proje.csproj", "{94DC561C-24A6-4369-AC69-C795557C26E1}"
EndProject
Global
	GlobalSection(SolutionConfigurationPlatforms) = preSolution
		Debug|Any CPU = Debug|Any CPU
		Release|Any CPU = Release|Any CPU
	EndGlobalSection
	GlobalSection(ProjectConfigurationPlatforms) = postSolution
		{94DC561C-24A6-4369-AC69-C795557C26E1}.Debug|Any CPU.ActiveCfg = Debug|Any CPU
		{94DC561C-24A6-4369-AC69-C795557C26E1}.Debug|Any CPU.Build.0 = Debug|Any CPU
		{94DC561C-24A6-4369-AC69-C795557C26E1}.Release|Any CPU.ActiveCfg = Release|Any CPU
		{94DC561C-24A6-4369-AC69-C795557C26E1}.Release|Any CPU.Build.0 = Release|Any CPU
	EndGlobalSection
	GlobalSection(SolutionProperties) = preSolution
		HideSolutionNode = FALSE
	EndGlobalSection
	GlobalSection(ExtensibilityGlobals) = postSolution
		SolutionGuid = {DEEF40A6-EB0B-40C8-957A-C3040FF5966F}
	EndGlobalSection
EndGlobal
